Microsoft Visual Studio Solution File, Format Version 12.00
# Visual Studio 15
Project("{2150E333-8FDC-42A3-9474-1A3956D46DE8}") = "CMakePredefinedTargets", "CMakePredefinedTargets", "{4673BCC9-5C9A-3BEC-903A-B1171855C912}"
EndProject
Project("{2150E333-8FDC-42A3-9474-1A3956D46DE8}") = "GLFW3", "GLFW3", "{6F82A923-D21F-3B71-97AA-7B346D50C5F7}"
EndProject
Project("{2150E333-8FDC-42A3-9474-1A3956D46DE8}") = "Examples", "GLFW3\Examples", "{D2DB556A-3D63-3126-87DD-EF815329A6FC}"
EndProject
Project("{2150E333-8FDC-42A3-9474-1A3956D46DE8}") = "Tests", "GLFW3\Tests", "{08697184-4B78-3DE1-9D3D-2DA522587C12}"
EndProject
Project("{8BC9CEB8-8B4A-11D0-8D11-00A0C91BC942}") = "ALL_BUILD", "ALL_BUILD.vcxproj", "{9A10B3A8-8B9D-3A0B-BCD2-BECAA1D0B64F}"
	ProjectSection(ProjectDependencies) = postProject
		{EF443A46-DAFF-353D-89BB-04BB7DA34105} = {EF443A46-DAFF-353D-89BB-04BB7DA34105}
		{571A820F-ED2A-322D-A282-D577BAE1F224} = {571A820F-ED2A-322D-A282-D577BAE1F224}
		{30F74FB5-8F48-3D8F-B869-B830F8422F0B} = {30F74FB5-8F48-3D8F-B869-B830F8422F0B}
		{3F7FE9BB-6EB4-3023-8340-E41BAD795ABF} = {3F7FE9BB-6EB4-3023-8340-E41BAD795ABF}
		{F4CEF352-C234-302C-95AE-1C89E6568E1F} = {F4CEF352-C234-302C-95AE-1C89E6568E1F}
		{1CA3CA68-560B-360E-8548-D6D9040A95C2} = {1CA3CA68-560B-360E-8548-D6D9040A95C2}
		{41CB35BE-6915-310C-A110-D03C92FC7F52} = {41CB35BE-6915-310C-A110-D03C92FC7F52}
		{4D269A37-791D-35A0-971B-49539525D0EB} = {4D269A37-791D-35A0-971B-49539525D0EB}
		{4FC8AE92-991F-3718-A55D-60523F2148EF} = {4FC8AE92-991F-3718-A55D-60523F2148EF}
		{B85820A6-0FC7-362A-81E3-A058EDA7770D} = {B85820A6-0FC7-362A-81E3-A058EDA7770D}
		{9EB3A448-50EE-32FF-9398-572917FAD624} = {9EB3A448-50EE-32FF-9398-572917FAD624}
		{0673C848-D9D6-38E5-9BB7-B25769ABFD41} = {0673C848-D9D6-38E5-9BB7-B25769ABFD41}
		{6D2D5C7C-91EC-333E-8E44-BA8C1D6BDACE} = {6D2D5C7C-91EC-333E-8E44-BA8C1D6BDACE}
		{BDE3B24B-D647-3B47-B3ED-9B661E5E76BD} = {BDE3B24B-D647-3B47-B3ED-9B661E5E76BD}
		{D4BE6B40-93ED-3849-89DA-2470C1A38B40} = {D4BE6B40-93ED-3849-89DA-2470C1A38B40}
		{C2318656-718D-32B3-AB84-A9A0868A0891} = {C2318656-718D-32B3-AB84-A9A0868A0891}
		{50C33A4C-0394-3E4F-8736-31CBFF6A2768} = {50C33A4C-0394-3E4F-8736-31CBFF6A2768}
		{F5809619-6B74-3EC8-B518-C240C41E1060} = {F5809619-6B74-3EC8-B518-C240C41E1060}
		{18D49D15-517E-3ADE-A5D6-E9FAE1A0A6A8} = {18D49D15-517E-3ADE-A5D6-E9FAE1A0A6A8}
		{EAE84DDF-1123-37DF-B0BF-133EB067CFCF} = {EAE84DDF-1123-37DF-B0BF-133EB067CFCF}
		{0013DB9E-0101-3DB7-AD9B-C2E1D84F000C} = {0013DB9E-0101-3DB7-AD9B-C2E1D84F000C}
		{B0632304-7FEE-33CD-B947-586013A66FDA} = {B0632304-7FEE-33CD-B947-586013A66FDA}
		{6AEEB63E-533F-351A-A686-E04D9C341D3C} = {6AEEB63E-533F-351A-A686-E04D9C341D3C}
		{CA379746-A939-32C1-B166-BA7FCBA3F346} = {CA379746-A939-32C1-B166-BA7FCBA3F346}
		{58C5A1A4-915E-353C-AE9A-1EA72272885E} = {58C5A1A4-915E-353C-AE9A-1EA72272885E}
		{A1A0BB8A-67E3-3174-954A-56CCA9C31F09} = {A1A0BB8A-67E3-3174-954A-56CCA9C31F09}
		{BC16CED0-AA2C-3333-A0B1-152BA66DB758} = {BC16CED0-AA2C-3333-A0B1-152BA66DB758}
	EndProjectSection
EndProject
Project("{8BC9CEB8-8B4A-11D0-8D11-00A0C91BC942}") = "INSTALL", "INSTALL.vcxproj", "{FF599E09-E637-3CCD-B6EF-3A8FF1D8669D}"
	ProjectSection(ProjectDependencies) = postProject
		{9A10B3A8-8B9D-3A0B-BCD2-BECAA1D0B64F} = {9A10B3A8-8B9D-3A0B-BCD2-BECAA1D0B64F}
		{EF443A46-DAFF-353D-89BB-04BB7DA34105} = {EF443A46-DAFF-353D-89BB-04BB7DA34105}
	EndProjectSection
EndProject
Project("{8BC9CEB8-8B4A-11D0-8D11-00A0C91BC942}") = "ZERO_CHECK", "ZERO_CHECK.vcxproj", "{EF443A46-DAFF-353D-89BB-04BB7DA34105}"
	ProjectSection(ProjectDependencies) = postProject
	EndProjectSection
EndProject
Project("{8BC9CEB8-8B4A-11D0-8D11-00A0C91BC942}") = "boing", "examples\boing.vcxproj", "{571A820F-ED2A-322D-A282-D577BAE1F224}"
	ProjectSection(ProjectDependencies) = postProject
		{EF443A46-DAFF-353D-89BB-04BB7DA34105} = {EF443A46-DAFF-353D-89BB-04BB7DA34105}
		{4FC8AE92-991F-3718-A55D-60523F2148EF} = {4FC8AE92-991F-3718-A55D-60523F2148EF}
	EndProjectSection
EndProject
Project("{8BC9CEB8-8B4A-11D0-8D11-00A0C91BC942}") = "clipboard", "tests\clipboard.vcxproj", "{30F74FB5-8F48-3D8F-B869-B830F8422F0B}"
	ProjectSection(ProjectDependencies) = postProject
		{EF443A46-DAFF-353D-89BB-04BB7DA34105} = {EF443A46-DAFF-353D-89BB-04BB7DA34105}
		{4FC8AE92-991F-3718-A55D-60523F2148EF} = {4FC8AE92-991F-3718-A55D-60523F2148EF}
	EndProjectSection
EndProject
Project("{8BC9CEB8-8B4A-11D0-8D11-00A0C91BC942}") = "cursor", "tests\cursor.vcxproj", "{3F7FE9BB-6EB4-3023-8340-E41BAD795ABF}"
	ProjectSection(ProjectDependencies) = postProject
		{EF443A46-DAFF-353D-89BB-04BB7DA34105} = {EF443A46-DAFF-353D-89BB-04BB7DA34105}
		{4FC8AE92-991F-3718-A55D-60523F2148EF} = {4FC8AE92-991F-3718-A55D-60523F2148EF}
	EndProjectSection
EndProject
Project("{8BC9CEB8-8B4A-11D0-8D11-00A0C91BC942}") = "empty", "tests\empty.vcxproj", "{F4CEF352-C234-302C-95AE-1C89E6568E1F}"
	ProjectSection(ProjectDependencies) = postProject
		{EF443A46-DAFF-353D-89BB-04BB7DA34105} = {EF443A46-DAFF-353D-89BB-04BB7DA34105}
		{4FC8AE92-991F-3718-A55D-60523F2148EF} = {4FC8AE92-991F-3718-A55D-60523F2148EF}
	EndProjectSection
EndProject
Project("{8BC9CEB8-8B4A-11D0-8D11-00A0C91BC942}") = "events", "tests\events.vcxproj", "{1CA3CA68-560B-360E-8548-D6D9040A95C2}"
	ProjectSection(ProjectDependencies) = postProject
		{EF443A46-DAFF-353D-89BB-04BB7DA34105} = {EF443A46-DAFF-353D-89BB-04BB7DA34105}
		{4FC8AE92-991F-3718-A55D-60523F2148EF} = {4FC8AE92-991F-3718-A55D-60523F2148EF}
	EndProjectSection
EndProject
Project("{8BC9CEB8-8B4A-11D0-8D11-00A0C91BC942}") = "gamma", "tests\gamma.vcxproj", "{41CB35BE-6915-310C-A110-D03C92FC7F52}"
	ProjectSection(ProjectDependencies) = postProject
		{EF443A46-DAFF-353D-89BB-04BB7DA34105} = {EF443A46-DAFF-353D-89BB-04BB7DA34105}
		{4FC8AE92-991F-3718-A55D-60523F2148EF} = {4FC8AE92-991F-3718-A55D-60523F2148EF}
	EndProjectSection
EndProject
Project("{8BC9CEB8-8B4A-11D0-8D11-00A0C91BC942}") = "gears", "examples\gears.vcxproj", "{4D269A37-791D-35A0-971B-49539525D0EB}"
	ProjectSection(ProjectDependencies) = postProject
		{EF443A46-DAFF-353D-89BB-04BB7DA34105} = {EF443A46-DAFF-353D-89BB-04BB7DA34105}
		{4FC8AE92-991F-3718-A55D-60523F2148EF} = {4FC8AE92-991F-3718-A55D-60523F2148EF}
	EndProjectSection
EndProject
Project("{8BC9CEB8-8B4A-11D0-8D11-00A0C91BC942}") = "glfw", "src\glfw.vcxproj", "{4FC8AE92-991F-3718-A55D-60523F2148EF}"
	ProjectSection(ProjectDependencies) = postProject
		{EF443A46-DAFF-353D-89BB-04BB7DA34105} = {EF443A46-DAFF-353D-89BB-04BB7DA34105}
	EndProjectSection
EndProject
Project("{8BC9CEB8-8B4A-11D0-8D11-00A0C91BC942}") = "glfwinfo", "tests\glfwinfo.vcxproj", "{B85820A6-0FC7-362A-81E3-A058EDA7770D}"
	ProjectSection(ProjectDependencies) = postProject
		{EF443A46-DAFF-353D-89BB-04BB7DA34105} = {EF443A46-DAFF-353D-89BB-04BB7DA34105}
		{4FC8AE92-991F-3718-A55D-60523F2148EF} = {4FC8AE92-991F-3718-A55D-60523F2148EF}
	EndProjectSection
EndProject
Project("{8BC9CEB8-8B4A-11D0-8D11-00A0C91BC942}") = "heightmap", "examples\heightmap.vcxproj", "{9EB3A448-50EE-32FF-9398-572917FAD624}"
	ProjectSection(ProjectDependencies) = postProject
		{EF443A46-DAFF-353D-89BB-04BB7DA34105} = {EF443A46-DAFF-353D-89BB-04BB7DA34105}
		{4FC8AE92-991F-3718-A55D-60523F2148EF} = {4FC8AE92-991F-3718-A55D-60523F2148EF}
	EndProjectSection
EndProject
Project("{8BC9CEB8-8B4A-11D0-8D11-00A0C91BC942}") = "icon", "tests\icon.vcxproj", "{0673C848-D9D6-38E5-9BB7-B25769ABFD41}"
	ProjectSection(ProjectDependencies) = postProject
		{EF443A46-DAFF-353D-89BB-04BB7DA34105} = {EF443A46-DAFF-353D-89BB-04BB7DA34105}
		{4FC8AE92-991F-3718-A55D-60523F2148EF} = {4FC8AE92-991F-3718-A55D-60523F2148EF}
	EndProjectSection
EndProject
Project("{8BC9CEB8-8B4A-11D0-8D11-00A0C91BC942}") = "iconify", "tests\iconify.vcxproj", "{6D2D5C7C-91EC-333E-8E44-BA8C1D6BDACE}"
	ProjectSection(ProjectDependencies) = postProject
		{EF443A46-DAFF-353D-89BB-04BB7DA34105} = {EF443A46-DAFF-353D-89BB-04BB7DA34105}
		{4FC8AE92-991F-3718-A55D-60523F2148EF} = {4FC8AE92-991F-3718-A55D-60523F2148EF}
	EndProjectSection
EndProject
Project("{8BC9CEB8-8B4A-11D0-8D11-00A0C91BC942}") = "joysticks", "tests\joysticks.vcxproj", "{BDE3B24B-D647-3B47-B3ED-9B661E5E76BD}"
	ProjectSection(ProjectDependencies) = postProject
		{EF443A46-DAFF-353D-89BB-04BB7DA34105} = {EF443A46-DAFF-353D-89BB-04BB7DA34105}
		{4FC8AE92-991F-3718-A55D-60523F2148EF} = {4FC8AE92-991F-3718-A55D-60523F2148EF}
	EndProjectSection
EndProject
Project("{8BC9CEB8-8B4A-11D0-8D11-00A0C91BC942}") = "monitors", "tests\monitors.vcxproj", "{D4BE6B40-93ED-3849-89DA-2470C1A38B40}"
	ProjectSection(ProjectDependencies) = postProject
		{EF443A46-DAFF-353D-89BB-04BB7DA34105} = {EF443A46-DAFF-353D-89BB-04BB7DA34105}
		{4FC8AE92-991F-3718-A55D-60523F2148EF} = {4FC8AE92-991F-3718-A55D-60523F2148EF}
	EndProjectSection
EndProject
Project("{8BC9CEB8-8B4A-11D0-8D11-00A0C91BC942}") = "msaa", "tests\msaa.vcxproj", "{C2318656-718D-32B3-AB84-A9A0868A0891}"
	ProjectSection(ProjectDependencies) = postProject
		{EF443A46-DAFF-353D-89BB-04BB7DA34105} = {EF443A46-DAFF-353D-89BB-04BB7DA34105}
		{4FC8AE92-991F-3718-A55D-60523F2148EF} = {4FC8AE92-991F-3718-A55D-60523F2148EF}
	EndProjectSection
EndProject
Project("{8BC9CEB8-8B4A-11D0-8D11-00A0C91BC942}") = "particles", "examples\particles.vcxproj", "{50C33A4C-0394-3E4F-8736-31CBFF6A2768}"
	ProjectSection(ProjectDependencies) = postProject
		{EF443A46-DAFF-353D-89BB-04BB7DA34105} = {EF443A46-DAFF-353D-89BB-04BB7DA34105}
		{4FC8AE92-991F-3718-A55D-60523F2148EF} = {4FC8AE92-991F-3718-A55D-60523F2148EF}
	EndProjectSection
EndProject
Project("{8BC9CEB8-8B4A-11D0-8D11-00A0C91BC942}") = "reopen", "tests\reopen.vcxproj", "{F5809619-6B74-3EC8-B518-C240C41E1060}"
	ProjectSection(ProjectDependencies) = postProject
		{EF443A46-DAFF-353D-89BB-04BB7DA34105} = {EF443A46-DAFF-353D-89BB-04BB7DA34105}
		{4FC8AE92-991F-3718-A55D-60523F2148EF} = {4FC8AE92-991F-3718-A55D-60523F2148EF}
	EndProjectSection
EndProject
Project("{8BC9CEB8-8B4A-11D0-8D11-00A0C91BC942}") = "sharing", "tests\sharing.vcxproj", "{18D49D15-517E-3ADE-A5D6-E9FAE1A0A6A8}"
	ProjectSection(ProjectDependencies) = postProject
		{EF443A46-DAFF-353D-89BB-04BB7DA34105} = {EF443A46-DAFF-353D-89BB-04BB7DA34105}
		{4FC8AE92-991F-3718-A55D-60523F2148EF} = {4FC8AE92-991F-3718-A55D-60523F2148EF}
	EndProjectSection
EndProject
Project("{8BC9CEB8-8B4A-11D0-8D11-00A0C91BC942}") = "simple", "examples\simple.vcxproj", "{EAE84DDF-1123-37DF-B0BF-133EB067CFCF}"
	ProjectSection(ProjectDependencies) = postProject
		{EF443A46-DAFF-353D-89BB-04BB7DA34105} = {EF443A46-DAFF-353D-89BB-04BB7DA34105}
		{4FC8AE92-991F-3718-A55D-60523F2148EF} = {4FC8AE92-991F-3718-A55D-60523F2148EF}
	EndProjectSection
EndProject
Project("{8BC9CEB8-8B4A-11D0-8D11-00A0C91BC942}") = "splitview", "examples\splitview.vcxproj", "{0013DB9E-0101-3DB7-AD9B-C2E1D84F000C}"
	ProjectSection(ProjectDependencies) = postProject
		{EF443A46-DAFF-353D-89BB-04BB7DA34105} = {EF443A46-DAFF-353D-89BB-04BB7DA34105}
		{4FC8AE92-991F-3718-A55D-60523F2148EF} = {4FC8AE92-991F-3718-A55D-60523F2148EF}
	EndProjectSection
EndProject
Project("{8BC9CEB8-8B4A-11D0-8D11-00A0C91BC942}") = "tearing", "tests\tearing.vcxproj", "{B0632304-7FEE-33CD-B947-586013A66FDA}"
	ProjectSection(ProjectDependencies) = postProject
		{EF443A46-DAFF-353D-89BB-04BB7DA34105} = {EF443A46-DAFF-353D-89BB-04BB7DA34105}
		{4FC8AE92-991F-3718-A55D-60523F2148EF} = {4FC8AE92-991F-3718-A55D-60523F2148EF}
	EndProjectSection
EndProject
Project("{8BC9CEB8-8B4A-11D0-8D11-00A0C91BC942}") = "threads", "tests\threads.vcxproj", "{6AEEB63E-533F-351A-A686-E04D9C341D3C}"
	ProjectSection(ProjectDependencies) = postProject
		{EF443A46-DAFF-353D-89BB-04BB7DA34105} = {EF443A46-DAFF-353D-89BB-04BB7DA34105}
		{4FC8AE92-991F-3718-A55D-60523F2148EF} = {4FC8AE92-991F-3718-A55D-60523F2148EF}
	EndProjectSection
EndProject
Project("{8BC9CEB8-8B4A-11D0-8D11-00A0C91BC942}") = "timeout", "tests\timeout.vcxproj", "{CA379746-A939-32C1-B166-BA7FCBA3F346}"
	ProjectSection(ProjectDependencies) = postProject
		{EF443A46-DAFF-353D-89BB-04BB7DA34105} = {EF443A46-DAFF-353D-89BB-04BB7DA34105}
		{4FC8AE92-991F-3718-A55D-60523F2148EF} = {4FC8AE92-991F-3718-A55D-60523F2148EF}
	EndProjectSection
EndProject
Project("{8BC9CEB8-8B4A-11D0-8D11-00A0C91BC942}") = "title", "tests\title.vcxproj", "{58C5A1A4-915E-353C-AE9A-1EA72272885E}"
	ProjectSection(ProjectDependencies) = postProject
		{EF443A46-DAFF-353D-89BB-04BB7DA34105} = {EF443A46-DAFF-353D-89BB-04BB7DA34105}
		{4FC8AE92-991F-3718-A55D-60523F2148EF} = {4FC8AE92-991F-3718-A55D-60523F2148EF}
	EndProjectSection
EndProject
Project("{8BC9CEB8-8B4A-11D0-8D11-00A0C91BC942}") = "uninstall", "uninstall.vcxproj", "{90A6E656-3B0D-302A-BE19-12AE2E22A738}"
	ProjectSection(ProjectDependencies) = postProject
		{EF443A46-DAFF-353D-89BB-04BB7DA34105} = {EF443A46-DAFF-353D-89BB-04BB7DA34105}
	EndProjectSection
EndProject
Project("{8BC9CEB8-8B4A-11D0-8D11-00A0C91BC942}") = "wave", "examples\wave.vcxproj", "{A1A0BB8A-67E3-3174-954A-56CCA9C31F09}"
	ProjectSection(ProjectDependencies) = postProject
		{EF443A46-DAFF-353D-89BB-04BB7DA34105} = {EF443A46-DAFF-353D-89BB-04BB7DA34105}
		{4FC8AE92-991F-3718-A55D-60523F2148EF} = {4FC8AE92-991F-3718-A55D-60523F2148EF}
	EndProjectSection
EndProject
Project("{8BC9CEB8-8B4A-11D0-8D11-00A0C91BC942}") = "windows", "tests\windows.vcxproj", "{BC16CED0-AA2C-3333-A0B1-152BA66DB758}"
	ProjectSection(ProjectDependencies) = postProject
		{EF443A46-DAFF-353D-89BB-04BB7DA34105} = {EF443A46-DAFF-353D-89BB-04BB7DA34105}
		{4FC8AE92-991F-3718-A55D-60523F2148EF} = {4FC8AE92-991F-3718-A55D-60523F2148EF}
	EndProjectSection
EndProject
Global
	GlobalSection(SolutionConfigurationPlatforms) = preSolution
		Debug|Win32 = Debug|Win32
		Release|Win32 = Release|Win32
		MinSizeRel|Win32 = MinSizeRel|Win32
		RelWithDebInfo|Win32 = RelWithDebInfo|Win32
	EndGlobalSection
	GlobalSection(ProjectConfigurationPlatforms) = postSolution
		{9A10B3A8-8B9D-3A0B-BCD2-BECAA1D0B64F}.Debug|Win32.ActiveCfg = Debug|Win32
		{9A10B3A8-8B9D-3A0B-BCD2-BECAA1D0B64F}.Debug|Win32.Build.0 = Debug|Win32
		{9A10B3A8-8B9D-3A0B-BCD2-BECAA1D0B64F}.Release|Win32.ActiveCfg = Release|Win32
		{9A10B3A8-8B9D-3A0B-BCD2-BECAA1D0B64F}.Release|Win32.Build.0 = Release|Win32
		{9A10B3A8-8B9D-3A0B-BCD2-BECAA1D0B64F}.MinSizeRel|Win32.ActiveCfg = MinSizeRel|Win32
		{9A10B3A8-8B9D-3A0B-BCD2-BECAA1D0B64F}.MinSizeRel|Win32.Build.0 = MinSizeRel|Win32
		{9A10B3A8-8B9D-3A0B-BCD2-BECAA1D0B64F}.RelWithDebInfo|Win32.ActiveCfg = RelWithDebInfo|Win32
		{9A10B3A8-8B9D-3A0B-BCD2-BECAA1D0B64F}.RelWithDebInfo|Win32.Build.0 = RelWithDebInfo|Win32
		{FF599E09-E637-3CCD-B6EF-3A8FF1D8669D}.Debug|Win32.ActiveCfg = Debug|Win32
		{FF599E09-E637-3CCD-B6EF-3A8FF1D8669D}.Release|Win32.ActiveCfg = Release|Win32
		{FF599E09-E637-3CCD-B6EF-3A8FF1D8669D}.MinSizeRel|Win32.ActiveCfg = MinSizeRel|Win32
		{FF599E09-E637-3CCD-B6EF-3A8FF1D8669D}.RelWithDebInfo|Win32.ActiveCfg = RelWithDebInfo|Win32
		{EF443A46-DAFF-353D-89BB-04BB7DA34105}.Debug|Win32.ActiveCfg = Debug|Win32
		{EF443A46-DAFF-353D-89BB-04BB7DA34105}.Debug|Win32.Build.0 = Debug|Win32
		{EF443A46-DAFF-353D-89BB-04BB7DA34105}.Release|Win32.ActiveCfg = Release|Win32
		{EF443A46-DAFF-353D-89BB-04BB7DA34105}.Release|Win32.Build.0 = Release|Win32
		{EF443A46-DAFF-353D-89BB-04BB7DA34105}.MinSizeRel|Win32.ActiveCfg = MinSizeRel|Win32
		{EF443A46-DAFF-353D-89BB-04BB7DA34105}.MinSizeRel|Win32.Build.0 = MinSizeRel|Win32
		{EF443A46-DAFF-353D-89BB-04BB7DA34105}.RelWithDebInfo|Win32.ActiveCfg = RelWithDebInfo|Win32
		{EF443A46-DAFF-353D-89BB-04BB7DA34105}.RelWithDebInfo|Win32.Build.0 = RelWithDebInfo|Win32
		{571A820F-ED2A-322D-A282-D577BAE1F224}.Debug|Win32.ActiveCfg = Debug|Win32
		{571A820F-ED2A-322D-A282-D577BAE1F224}.Debug|Win32.Build.0 = Debug|Win32
		{571A820F-ED2A-322D-A282-D577BAE1F224}.Release|Win32.ActiveCfg = Release|Win32
		{571A820F-ED2A-322D-A282-D577BAE1F224}.Release|Win32.Build.0 = Release|Win32
		{571A820F-ED2A-322D-A282-D577BAE1F224}.MinSizeRel|Win32.ActiveCfg = MinSizeRel|Win32
		{571A820F-ED2A-322D-A282-D577BAE1F224}.MinSizeRel|Win32.Build.0 = MinSizeRel|Win32
		{571A820F-ED2A-322D-A282-D577BAE1F224}.RelWithDebInfo|Win32.ActiveCfg = RelWithDebInfo|Win32
		{571A820F-ED2A-322D-A282-D577BAE1F224}.RelWithDebInfo|Win32.Build.0 = RelWithDebInfo|Win32
		{30F74FB5-8F48-3D8F-B869-B830F8422F0B}.Debug|Win32.ActiveCfg = Debug|Win32
		{30F74FB5-8F48-3D8F-B869-B830F8422F0B}.Debug|Win32.Build.0 = Debug|Win32
		{30F74FB5-8F48-3D8F-B869-B830F8422F0B}.Release|Win32.ActiveCfg = Release|Win32
		{30F74FB5-8F48-3D8F-B869-B830F8422F0B}.Release|Win32.Build.0 = Release|Win32
		{30F74FB5-8F48-3D8F-B869-B830F8422F0B}.MinSizeRel|Win32.ActiveCfg = MinSizeRel|Win32
		{30F74FB5-8F48-3D8F-B869-B830F8422F0B}.MinSizeRel|Win32.Build.0 = MinSizeRel|Win32
		{30F74FB5-8F48-3D8F-B869-B830F8422F0B}.RelWithDebInfo|Win32.ActiveCfg = RelWithDebInfo|Win32
		{30F74FB5-8F48-3D8F-B869-B830F8422F0B}.RelWithDebInfo|Win32.Build.0 = RelWithDebInfo|Win32
		{3F7FE9BB-6EB4-3023-8340-E41BAD795ABF}.Debug|Win32.ActiveCfg = Debug|Win32
		{3F7FE9BB-6EB4-3023-8340-E41BAD795ABF}.Debug|Win32.Build.0 = Debug|Win32
		{3F7FE9BB-6EB4-3023-8340-E41BAD795ABF}.Release|Win32.ActiveCfg = Release|Win32
		{3F7FE9BB-6EB4-3023-8340-E41BAD795ABF}.Release|Win32.Build.0 = Release|Win32
		{3F7FE9BB-6EB4-3023-8340-E41BAD795ABF}.MinSizeRel|Win32.ActiveCfg = MinSizeRel|Win32
		{3F7FE9BB-6EB4-3023-8340-E41BAD795ABF}.MinSizeRel|Win32.Build.0 = MinSizeRel|Win32
		{3F7FE9BB-6EB4-3023-8340-E41BAD795ABF}.RelWithDebInfo|Win32.ActiveCfg = RelWithDebInfo|Win32
		{3F7FE9BB-6EB4-3023-8340-E41BAD795ABF}.RelWithDebInfo|Win32.Build.0 = RelWithDebInfo|Win32
		{F4CEF352-C234-302C-95AE-1C89E6568E1F}.Debug|Win32.ActiveCfg = Debug|Win32
		{F4CEF352-C234-302C-95AE-1C89E6568E1F}.Debug|Win32.Build.0 = Debug|Win32
		{F4CEF352-C234-302C-95AE-1C89E6568E1F}.Release|Win32.ActiveCfg = Release|Win32
		{F4CEF352-C234-302C-95AE-1C89E6568E1F}.Release|Win32.Build.0 = Release|Win32
		{F4CEF352-C234-302C-95AE-1C89E6568E1F}.MinSizeRel|Win32.ActiveCfg = MinSizeRel|Win32
		{F4CEF352-C234-302C-95AE-1C89E6568E1F}.MinSizeRel|Win32.Build.0 = MinSizeRel|Win32
		{F4CEF352-C234-302C-95AE-1C89E6568E1F}.RelWithDebInfo|Win32.ActiveCfg = RelWithDebInfo|Win32
		{F4CEF352-C234-302C-95AE-1C89E6568E1F}.RelWithDebInfo|Win32.Build.0 = RelWithDebInfo|Win32
		{1CA3CA68-560B-360E-8548-D6D9040A95C2}.Debug|Win32.ActiveCfg = Debug|Win32
		{1CA3CA68-560B-360E-8548-D6D9040A95C2}.Debug|Win32.Build.0 = Debug|Win32
		{1CA3CA68-560B-360E-8548-D6D9040A95C2}.Release|Win32.ActiveCfg = Release|Win32
		{1CA3CA68-560B-360E-8548-D6D9040A95C2}.Release|Win32.Build.0 = Release|Win32
		{1CA3CA68-560B-360E-8548-D6D9040A95C2}.MinSizeRel|Win32.ActiveCfg = MinSizeRel|Win32
		{1CA3CA68-560B-360E-8548-D6D9040A95C2}.MinSizeRel|Win32.Build.0 = MinSizeRel|Win32
		{1CA3CA68-560B-360E-8548-D6D9040A95C2}.RelWithDebInfo|Win32.ActiveCfg = RelWithDebInfo|Win32
		{1CA3CA68-560B-360E-8548-D6D9040A95C2}.RelWithDebInfo|Win32.Build.0 = RelWithDebInfo|Win32
		{41CB35BE-6915-310C-A110-D03C92FC7F52}.Debug|Win32.ActiveCfg = Debug|Win32
		{41CB35BE-6915-310C-A110-D03C92FC7F52}.Debug|Win32.Build.0 = Debug|Win32
		{41CB35BE-6915-310C-A110-D03C92FC7F52}.Release|Win32.ActiveCfg = Release|Win32
		{41CB35BE-6915-310C-A110-D03C92FC7F52}.Release|Win32.Build.0 = Release|Win32
		{41CB35BE-6915-310C-A110-D03C92FC7F52}.MinSizeRel|Win32.ActiveCfg = MinSizeRel|Win32
		{41CB35BE-6915-310C-A110-D03C92FC7F52}.MinSizeRel|Win32.Build.0 = MinSizeRel|Win32
		{41CB35BE-6915-310C-A110-D03C92FC7F52}.RelWithDebInfo|Win32.ActiveCfg = RelWithDebInfo|Win32
		{41CB35BE-6915-310C-A110-D03C92FC7F52}.RelWithDebInfo|Win32.Build.0 = RelWithDebInfo|Win32
		{4D269A37-791D-35A0-971B-49539525D0EB}.Debug|Win32.ActiveCfg = Debug|Win32
		{4D269A37-791D-35A0-971B-49539525D0EB}.Debug|Win32.Build.0 = Debug|Win32
		{4D269A37-791D-35A0-971B-49539525D0EB}.Release|Win32.ActiveCfg = Release|Win32
		{4D269A37-791D-35A0-971B-49539525D0EB}.Release|Win32.Build.0 = Release|Win32
		{4D269A37-791D-35A0-971B-49539525D0EB}.MinSizeRel|Win32.ActiveCfg = MinSizeRel|Win32
		{4D269A37-791D-35A0-971B-49539525D0EB}.MinSizeRel|Win32.Build.0 = MinSizeRel|Win32
		{4D269A37-791D-35A0-971B-49539525D0EB}.RelWithDebInfo|Win32.ActiveCfg = RelWithDebInfo|Win32
		{4D269A37-791D-35A0-971B-49539525D0EB}.RelWithDebInfo|Win32.Build.0 = RelWithDebInfo|Win32
		{4FC8AE92-991F-3718-A55D-60523F2148EF}.Debug|Win32.ActiveCfg = Debug|Win32
		{4FC8AE92-991F-3718-A55D-60523F2148EF}.Debug|Win32.Build.0 = Debug|Win32
		{4FC8AE92-991F-3718-A55D-60523F2148EF}.Release|Win32.ActiveCfg = Release|Win32
		{4FC8AE92-991F-3718-A55D-60523F2148EF}.Release|Win32.Build.0 = Release|Win32
		{4FC8AE92-991F-3718-A55D-60523F2148EF}.MinSizeRel|Win32.ActiveCfg = MinSizeRel|Win32
		{4FC8AE92-991F-3718-A55D-60523F2148EF}.MinSizeRel|Win32.Build.0 = MinSizeRel|Win32
		{4FC8AE92-991F-3718-A55D-60523F2148EF}.RelWithDebInfo|Win32.ActiveCfg = RelWithDebInfo|Win32
		{4FC8AE92-991F-3718-A55D-60523F2148EF}.RelWithDebInfo|Win32.Build.0 = RelWithDebInfo|Win32
		{B85820A6-0FC7-362A-81E3-A058EDA7770D}.Debug|Win32.ActiveCfg = Debug|Win32
		{B85820A6-0FC7-362A-81E3-A058EDA7770D}.Debug|Win32.Build.0 = Debug|Win32
		{B85820A6-0FC7-362A-81E3-A058EDA7770D}.Release|Win32.ActiveCfg = Release|Win32
		{B85820A6-0FC7-362A-81E3-A058EDA7770D}.Release|Win32.Build.0 = Release|Win32
		{B85820A6-0FC7-362A-81E3-A058EDA7770D}.MinSizeRel|Win32.ActiveCfg = MinSizeRel|Win32
		{B85820A6-0FC7-362A-81E3-A058EDA7770D}.MinSizeRel|Win32.Build.0 = MinSizeRel|Win32
		{B85820A6-0FC7-362A-81E3-A058EDA7770D}.RelWithDebInfo|Win32.ActiveCfg = RelWithDebInfo|Win32
		{B85820A6-0FC7-362A-81E3-A058EDA7770D}.RelWithDebInfo|Win32.Build.0 = RelWithDebInfo|Win32
		{9EB3A448-50EE-32FF-9398-572917FAD624}.Debug|Win32.ActiveCfg = Debug|Win32
		{9EB3A448-50EE-32FF-9398-572917FAD624}.Debug|Win32.Build.0 = Debug|Win32
		{9EB3A448-50EE-32FF-9398-572917FAD624}.Release|Win32.ActiveCfg = Release|Win32
		{9EB3A448-50EE-32FF-9398-572917FAD624}.Release|Win32.Build.0 = Release|Win32
		{9EB3A448-50EE-32FF-9398-572917FAD624}.MinSizeRel|Win32.ActiveCfg = MinSizeRel|Win32
		{9EB3A448-50EE-32FF-9398-572917FAD624}.MinSizeRel|Win32.Build.0 = MinSizeRel|Win32
		{9EB3A448-50EE-32FF-9398-572917FAD624}.RelWithDebInfo|Win32.ActiveCfg = RelWithDebInfo|Win32
		{9EB3A448-50EE-32FF-9398-572917FAD624}.RelWithDebInfo|Win32.Build.0 = RelWithDebInfo|Win32
		{0673C848-D9D6-38E5-9BB7-B25769ABFD41}.Debug|Win32.ActiveCfg = Debug|Win32
		{0673C848-D9D6-38E5-9BB7-B25769ABFD41}.Debug|Win32.Build.0 = Debug|Win32
		{0673C848-D9D6-38E5-9BB7-B25769ABFD41}.Release|Win32.ActiveCfg = Release|Win32
		{0673C848-D9D6-38E5-9BB7-B25769ABFD41}.Release|Win32.Build.0 = Release|Win32
		{0673C848-D9D6-38E5-9BB7-B25769ABFD41}.MinSizeRel|Win32.ActiveCfg = MinSizeRel|Win32
		{0673C848-D9D6-38E5-9BB7-B25769ABFD41}.MinSizeRel|Win32.Build.0 = MinSizeRel|Win32
		{0673C848-D9D6-38E5-9BB7-B25769ABFD41}.RelWithDebInfo|Win32.ActiveCfg = RelWithDebInfo|Win32
		{0673C848-D9D6-38E5-9BB7-B25769ABFD41}.RelWithDebInfo|Win32.Build.0 = RelWithDebInfo|Win32
		{6D2D5C7C-91EC-333E-8E44-BA8C1D6BDACE}.Debug|Win32.ActiveCfg = Debug|Win32
		{6D2D5C7C-91EC-333E-8E44-BA8C1D6BDACE}.Debug|Win32.Build.0 = Debug|Win32
		{6D2D5C7C-91EC-333E-8E44-BA8C1D6BDACE}.Release|Win32.ActiveCfg = Release|Win32
		{6D2D5C7C-91EC-333E-8E44-BA8C1D6BDACE}.Release|Win32.Build.0 = Release|Win32
		{6D2D5C7C-91EC-333E-8E44-BA8C1D6BDACE}.MinSizeRel|Win32.ActiveCfg = MinSizeRel|Win32
		{6D2D5C7C-91EC-333E-8E44-BA8C1D6BDACE}.MinSizeRel|Win32.Build.0 = MinSizeRel|Win32
		{6D2D5C7C-91EC-333E-8E44-BA8C1D6BDACE}.RelWithDebInfo|Win32.ActiveCfg = RelWithDebInfo|Win32
		{6D2D5C7C-91EC-333E-8E44-BA8C1D6BDACE}.RelWithDebInfo|Win32.Build.0 = RelWithDebInfo|Win32
		{BDE3B24B-D647-3B47-B3ED-9B661E5E76BD}.Debug|Win32.ActiveCfg = Debug|Win32
		{BDE3B24B-D647-3B47-B3ED-9B661E5E76BD}.Debug|Win32.Build.0 = Debug|Win32
		{BDE3B24B-D647-3B47-B3ED-9B661E5E76BD}.Release|Win32.ActiveCfg = Release|Win32
		{BDE3B24B-D647-3B47-B3ED-9B661E5E76BD}.Release|Win32.Build.0 = Release|Win32
		{BDE3B24B-D647-3B47-B3ED-9B661E5E76BD}.MinSizeRel|Win32.ActiveCfg = MinSizeRel|Win32
		{BDE3B24B-D647-3B47-B3ED-9B661E5E76BD}.MinSizeRel|Win32.Build.0 = MinSizeRel|Win32
		{BDE3B24B-D647-3B47-B3ED-9B661E5E76BD}.RelWithDebInfo|Win32.ActiveCfg = RelWithDebInfo|Win32
		{BDE3B24B-D647-3B47-B3ED-9B661E5E76BD}.RelWithDebInfo|Win32.Build.0 = RelWithDebInfo|Win32
		{D4BE6B40-93ED-3849-89DA-2470C1A38B40}.Debug|Win32.ActiveCfg = Debug|Win32
		{D4BE6B40-93ED-3849-89DA-2470C1A38B40}.Debug|Win32.Build.0 = Debug|Win32
		{D4BE6B40-93ED-3849-89DA-2470C1A38B40}.Release|Win32.ActiveCfg = Release|Win32
		{D4BE6B40-93ED-3849-89DA-2470C1A38B40}.Release|Win32.Build.0 = Release|Win32
		{D4BE6B40-93ED-3849-89DA-2470C1A38B40}.MinSizeRel|Win32.ActiveCfg = MinSizeRel|Win32
		{D4BE6B40-93ED-3849-89DA-2470C1A38B40}.MinSizeRel|Win32.Build.0 = MinSizeRel|Win32
		{D4BE6B40-93ED-3849-89DA-2470C1A38B40}.RelWithDebInfo|Win32.ActiveCfg = RelWithDebInfo|Win32
		{D4BE6B40-93ED-3849-89DA-2470C1A38B40}.RelWithDebInfo|Win32.Build.0 = RelWithDebInfo|Win32
		{C2318656-718D-32B3-AB84-A9A0868A0891}.Debug|Win32.ActiveCfg = Debug|Win32
		{C2318656-718D-32B3-AB84-A9A0868A0891}.Debug|Win32.Build.0 = Debug|Win32
		{C2318656-718D-32B3-AB84-A9A0868A0891}.Release|Win32.ActiveCfg = Release|Win32
		{C2318656-718D-32B3-AB84-A9A0868A0891}.Release|Win32.Build.0 = Release|Win32
		{C2318656-718D-32B3-AB84-A9A0868A0891}.MinSizeRel|Win32.ActiveCfg = MinSizeRel|Win32
		{C2318656-718D-32B3-AB84-A9A0868A0891}.MinSizeRel|Win32.Build.0 = MinSizeRel|Win32
		{C2318656-718D-32B3-AB84-A9A0868A0891}.RelWithDebInfo|Win32.ActiveCfg = RelWithDebInfo|Win32
		{C2318656-718D-32B3-AB84-A9A0868A0891}.RelWithDebInfo|Win32.Build.0 = RelWithDebInfo|Win32
		{50C33A4C-0394-3E4F-8736-31CBFF6A2768}.Debug|Win32.ActiveCfg = Debug|Win32
		{50C33A4C-0394-3E4F-8736-31CBFF6A2768}.Debug|Win32.Build.0 = Debug|Win32
		{50C33A4C-0394-3E4F-8736-31CBFF6A2768}.Release|Win32.ActiveCfg = Release|Win32
		{50C33A4C-0394-3E4F-8736-31CBFF6A2768}.Release|Win32.Build.0 = Release|Win32
		{50C33A4C-0394-3E4F-8736-31CBFF6A2768}.MinSizeRel|Win32.ActiveCfg = MinSizeRel|Win32
		{50C33A4C-0394-3E4F-8736-31CBFF6A2768}.MinSizeRel|Win32.Build.0 = MinSizeRel|Win32
		{50C33A4C-0394-3E4F-8736-31CBFF6A2768}.RelWithDebInfo|Win32.ActiveCfg = RelWithDebInfo|Win32
		{50C33A4C-0394-3E4F-8736-31CBFF6A2768}.RelWithDebInfo|Win32.Build.0 = RelWithDebInfo|Win32
		{F5809619-6B74-3EC8-B518-C240C41E1060}.Debug|Win32.ActiveCfg = Debug|Win32
		{F5809619-6B74-3EC8-B518-C240C41E1060}.Debug|Win32.Build.0 = Debug|Win32
		{F5809619-6B74-3EC8-B518-C240C41E1060}.Release|Win32.ActiveCfg = Release|Win32
		{F5809619-6B74-3EC8-B518-C240C41E1060}.Release|Win32.Build.0 = Release|Win32
		{F5809619-6B74-3EC8-B518-C240C41E1060}.MinSizeRel|Win32.ActiveCfg = MinSizeRel|Win32
		{F5809619-6B74-3EC8-B518-C240C41E1060}.MinSizeRel|Win32.Build.0 = MinSizeRel|Win32
		{F5809619-6B74-3EC8-B518-C240C41E1060}.RelWithDebInfo|Win32.ActiveCfg = RelWithDebInfo|Win32
		{F5809619-6B74-3EC8-B518-C240C41E1060}.RelWithDebInfo|Win32.Build.0 = RelWithDebInfo|Win32
		{18D49D15-517E-3ADE-A5D6-E9FAE1A0A6A8}.Debug|Win32.ActiveCfg = Debug|Win32
		{18D49D15-517E-3ADE-A5D6-E9FAE1A0A6A8}.Debug|Win32.Build.0 = Debug|Win32
		{18D49D15-517E-3ADE-A5D6-E9FAE1A0A6A8}.Release|Win32.ActiveCfg = Release|Win32
		{18D49D15-517E-3ADE-A5D6-E9FAE1A0A6A8}.Release|Win32.Build.0 = Release|Win32
		{18D49D15-517E-3ADE-A5D6-E9FAE1A0A6A8}.MinSizeRel|Win32.ActiveCfg = MinSizeRel|Win32
		{18D49D15-517E-3ADE-A5D6-E9FAE1A0A6A8}.MinSizeRel|Win32.Build.0 = MinSizeRel|Win32
		{18D49D15-517E-3ADE-A5D6-E9FAE1A0A6A8}.RelWithDebInfo|Win32.ActiveCfg = RelWithDebInfo|Win32
		{18D49D15-517E-3ADE-A5D6-E9FAE1A0A6A8}.RelWithDebInfo|Win32.Build.0 = RelWithDebInfo|Win32
		{EAE84DDF-1123-37DF-B0BF-133EB067CFCF}.Debug|Win32.ActiveCfg = Debug|Win32
		{EAE84DDF-1123-37DF-B0BF-133EB067CFCF}.Debug|Win32.Build.0 = Debug|Win32
		{EAE84DDF-1123-37DF-B0BF-133EB067CFCF}.Release|Win32.ActiveCfg = Release|Win32
		{EAE84DDF-1123-37DF-B0BF-133EB067CFCF}.Release|Win32.Build.0 = Release|Win32
		{EAE84DDF-1123-37DF-B0BF-133EB067CFCF}.MinSizeRel|Win32.ActiveCfg = MinSizeRel|Win32
		{EAE84DDF-1123-37DF-B0BF-133EB067CFCF}.MinSizeRel|Win32.Build.0 = MinSizeRel|Win32
		{EAE84DDF-1123-37DF-B0BF-133EB067CFCF}.RelWithDebInfo|Win32.ActiveCfg = RelWithDebInfo|Win32
		{EAE84DDF-1123-37DF-B0BF-133EB067CFCF}.RelWithDebInfo|Win32.Build.0 = RelWithDebInfo|Win32
		{0013DB9E-0101-3DB7-AD9B-C2E1D84F000C}.Debug|Win32.ActiveCfg = Debug|Win32
		{0013DB9E-0101-3DB7-AD9B-C2E1D84F000C}.Debug|Win32.Build.0 = Debug|Win32
		{0013DB9E-0101-3DB7-AD9B-C2E1D84F000C}.Release|Win32.ActiveCfg = Release|Win32
		{0013DB9E-0101-3DB7-AD9B-C2E1D84F000C}.Release|Win32.Build.0 = Release|Win32
		{0013DB9E-0101-3DB7-AD9B-C2E1D84F000C}.MinSizeRel|Win32.ActiveCfg = MinSizeRel|Win32
		{0013DB9E-0101-3DB7-AD9B-C2E1D84F000C}.MinSizeRel|Win32.Build.0 = MinSizeRel|Win32
		{0013DB9E-0101-3DB7-AD9B-C2E1D84F000C}.RelWithDebInfo|Win32.ActiveCfg = RelWithDebInfo|Win32
		{0013DB9E-0101-3DB7-AD9B-C2E1D84F000C}.RelWithDebInfo|Win32.Build.0 = RelWithDebInfo|Win32
		{B0632304-7FEE-33CD-B947-586013A66FDA}.Debug|Win32.ActiveCfg = Debug|Win32
		{B0632304-7FEE-33CD-B947-586013A66FDA}.Debug|Win32.Build.0 = Debug|Win32
		{B0632304-7FEE-33CD-B947-586013A66FDA}.Release|Win32.ActiveCfg = Release|Win32
		{B0632304-7FEE-33CD-B947-586013A66FDA}.Release|Win32.Build.0 = Release|Win32
		{B0632304-7FEE-33CD-B947-586013A66FDA}.MinSizeRel|Win32.ActiveCfg = MinSizeRel|Win32
		{B0632304-7FEE-33CD-B947-586013A66FDA}.MinSizeRel|Win32.Build.0 = MinSizeRel|Win32
		{B0632304-7FEE-33CD-B947-586013A66FDA}.RelWithDebInfo|Win32.ActiveCfg = RelWithDebInfo|Win32
		{B0632304-7FEE-33CD-B947-586013A66FDA}.RelWithDebInfo|Win32.Build.0 = RelWithDebInfo|Win32
		{6AEEB63E-533F-351A-A686-E04D9C341D3C}.Debug|Win32.ActiveCfg = Debug|Win32
		{6AEEB63E-533F-351A-A686-E04D9C341D3C}.Debug|Win32.Build.0 = Debug|Win32
		{6AEEB63E-533F-351A-A686-E04D9C341D3C}.Release|Win32.ActiveCfg = Release|Win32
		{6AEEB63E-533F-351A-A686-E04D9C341D3C}.Release|Win32.Build.0 = Release|Win32
		{6AEEB63E-533F-351A-A686-E04D9C341D3C}.MinSizeRel|Win32.ActiveCfg = MinSizeRel|Win32
		{6AEEB63E-533F-351A-A686-E04D9C341D3C}.MinSizeRel|Win32.Build.0 = MinSizeRel|Win32
		{6AEEB63E-533F-351A-A686-E04D9C341D3C}.RelWithDebInfo|Win32.ActiveCfg = RelWithDebInfo|Win32
		{6AEEB63E-533F-351A-A686-E04D9C341D3C}.RelWithDebInfo|Win32.Build.0 = RelWithDebInfo|Win32
		{CA379746-A939-32C1-B166-BA7FCBA3F346}.Debug|Win32.ActiveCfg = Debug|Win32
		{CA379746-A939-32C1-B166-BA7FCBA3F346}.Debug|Win32.Build.0 = Debug|Win32
		{CA379746-A939-32C1-B166-BA7FCBA3F346}.Release|Win32.ActiveCfg = Release|Win32
		{CA379746-A939-32C1-B166-BA7FCBA3F346}.Release|Win32.Build.0 = Release|Win32
		{CA379746-A939-32C1-B166-BA7FCBA3F346}.MinSizeRel|Win32.ActiveCfg = MinSizeRel|Win32
		{CA379746-A939-32C1-B166-BA7FCBA3F346}.MinSizeRel|Win32.Build.0 = MinSizeRel|Win32
		{CA379746-A939-32C1-B166-BA7FCBA3F346}.RelWithDebInfo|Win32.ActiveCfg = RelWithDebInfo|Win32
		{CA379746-A939-32C1-B166-BA7FCBA3F346}.RelWithDebInfo|Win32.Build.0 = RelWithDebInfo|Win32
		{58C5A1A4-915E-353C-AE9A-1EA72272885E}.Debug|Win32.ActiveCfg = Debug|Win32
		{58C5A1A4-915E-353C-AE9A-1EA72272885E}.Debug|Win32.Build.0 = Debug|Win32
		{58C5A1A4-915E-353C-AE9A-1EA72272885E}.Release|Win32.ActiveCfg = Release|Win32
		{58C5A1A4-915E-353C-AE9A-1EA72272885E}.Release|Win32.Build.0 = Release|Win32
		{58C5A1A4-915E-353C-AE9A-1EA72272885E}.MinSizeRel|Win32.ActiveCfg = MinSizeRel|Win32
		{58C5A1A4-915E-353C-AE9A-1EA72272885E}.MinSizeRel|Win32.Build.0 = MinSizeRel|Win32
		{58C5A1A4-915E-353C-AE9A-1EA72272885E}.RelWithDebInfo|Win32.ActiveCfg = RelWithDebInfo|Win32
		{58C5A1A4-915E-353C-AE9A-1EA72272885E}.RelWithDebInfo|Win32.Build.0 = RelWithDebInfo|Win32
		{90A6E656-3B0D-302A-BE19-12AE2E22A738}.Debug|Win32.ActiveCfg = Debug|Win32
		{90A6E656-3B0D-302A-BE19-12AE2E22A738}.Release|Win32.ActiveCfg = Release|Win32
		{90A6E656-3B0D-302A-BE19-12AE2E22A738}.MinSizeRel|Win32.ActiveCfg = MinSizeRel|Win32
		{90A6E656-3B0D-302A-BE19-12AE2E22A738}.RelWithDebInfo|Win32.ActiveCfg = RelWithDebInfo|Win32
		{A1A0BB8A-67E3-3174-954A-56CCA9C31F09}.Debug|Win32.ActiveCfg = Debug|Win32
		{A1A0BB8A-67E3-3174-954A-56CCA9C31F09}.Debug|Win32.Build.0 = Debug|Win32
		{A1A0BB8A-67E3-3174-954A-56CCA9C31F09}.Release|Win32.ActiveCfg = Release|Win32
		{A1A0BB8A-67E3-3174-954A-56CCA9C31F09}.Release|Win32.Build.0 = Release|Win32
		{A1A0BB8A-67E3-3174-954A-56CCA9C31F09}.MinSizeRel|Win32.ActiveCfg = MinSizeRel|Win32
		{A1A0BB8A-67E3-3174-954A-56CCA9C31F09}.MinSizeRel|Win32.Build.0 = MinSizeRel|Win32
		{A1A0BB8A-67E3-3174-954A-56CCA9C31F09}.RelWithDebInfo|Win32.ActiveCfg = RelWithDebInfo|Win32
		{A1A0BB8A-67E3-3174-954A-56CCA9C31F09}.RelWithDebInfo|Win32.Build.0 = RelWithDebInfo|Win32
		{BC16CED0-AA2C-3333-A0B1-152BA66DB758}.Debug|Win32.ActiveCfg = Debug|Win32
		{BC16CED0-AA2C-3333-A0B1-152BA66DB758}.Debug|Win32.Build.0 = Debug|Win32
		{BC16CED0-AA2C-3333-A0B1-152BA66DB758}.Release|Win32.ActiveCfg = Release|Win32
		{BC16CED0-AA2C-3333-A0B1-152BA66DB758}.Release|Win32.Build.0 = Release|Win32
		{BC16CED0-AA2C-3333-A0B1-152BA66DB758}.MinSizeRel|Win32.ActiveCfg = MinSizeRel|Win32
		{BC16CED0-AA2C-3333-A0B1-152BA66DB758}.MinSizeRel|Win32.Build.0 = MinSizeRel|Win32
		{BC16CED0-AA2C-3333-A0B1-152BA66DB758}.RelWithDebInfo|Win32.ActiveCfg = RelWithDebInfo|Win32
		{BC16CED0-AA2C-3333-A0B1-152BA66DB758}.RelWithDebInfo|Win32.Build.0 = RelWithDebInfo|Win32
	EndGlobalSection
	GlobalSection(NestedProjects) = preSolution
		{9A10B3A8-8B9D-3A0B-BCD2-BECAA1D0B64F} = {4673BCC9-5C9A-3BEC-903A-B1171855C912}
		{FF599E09-E637-3CCD-B6EF-3A8FF1D8669D} = {4673BCC9-5C9A-3BEC-903A-B1171855C912}
		{EF443A46-DAFF-353D-89BB-04BB7DA34105} = {4673BCC9-5C9A-3BEC-903A-B1171855C912}
		{D2DB556A-3D63-3126-87DD-EF815329A6FC} = {6F82A923-D21F-3B71-97AA-7B346D50C5F7}
		{08697184-4B78-3DE1-9D3D-2DA522587C12} = {6F82A923-D21F-3B71-97AA-7B346D50C5F7}
		{4FC8AE92-991F-3718-A55D-60523F2148EF} = {6F82A923-D21F-3B71-97AA-7B346D50C5F7}
		{571A820F-ED2A-322D-A282-D577BAE1F224} = {D2DB556A-3D63-3126-87DD-EF815329A6FC}
		{4D269A37-791D-35A0-971B-49539525D0EB} = {D2DB556A-3D63-3126-87DD-EF815329A6FC}
		{9EB3A448-50EE-32FF-9398-572917FAD624} = {D2DB556A-3D63-3126-87DD-EF815329A6FC}
		{50C33A4C-0394-3E4F-8736-31CBFF6A2768} = {D2DB556A-3D63-3126-87DD-EF815329A6FC}
		{EAE84DDF-1123-37DF-B0BF-133EB067CFCF} = {D2DB556A-3D63-3126-87DD-EF815329A6FC}
		{0013DB9E-0101-3DB7-AD9B-C2E1D84F000C} = {D2DB556A-3D63-3126-87DD-EF815329A6FC}
		{A1A0BB8A-67E3-3174-954A-56CCA9C31F09} = {D2DB556A-3D63-3126-87DD-EF815329A6FC}
		{30F74FB5-8F48-3D8F-B869-B830F8422F0B} = {08697184-4B78-3DE1-9D3D-2DA522587C12}
		{3F7FE9BB-6EB4-3023-8340-E41BAD795ABF} = {08697184-4B78-3DE1-9D3D-2DA522587C12}
		{F4CEF352-C234-302C-95AE-1C89E6568E1F} = {08697184-4B78-3DE1-9D3D-2DA522587C12}
		{1CA3CA68-560B-360E-8548-D6D9040A95C2} = {08697184-4B78-3DE1-9D3D-2DA522587C12}
		{41CB35BE-6915-310C-A110-D03C92FC7F52} = {08697184-4B78-3DE1-9D3D-2DA522587C12}
		{B85820A6-0FC7-362A-81E3-A058EDA7770D} = {08697184-4B78-3DE1-9D3D-2DA522587C12}
		{0673C848-D9D6-38E5-9BB7-B25769ABFD41} = {08697184-4B78-3DE1-9D3D-2DA522587C12}
		{6D2D5C7C-91EC-333E-8E44-BA8C1D6BDACE} = {08697184-4B78-3DE1-9D3D-2DA522587C12}
		{BDE3B24B-D647-3B47-B3ED-9B661E5E76BD} = {08697184-4B78-3DE1-9D3D-2DA522587C12}
		{D4BE6B40-93ED-3849-89DA-2470C1A38B40} = {08697184-4B78-3DE1-9D3D-2DA522587C12}
		{C2318656-718D-32B3-AB84-A9A0868A0891} = {08697184-4B78-3DE1-9D3D-2DA522587C12}
		{F5809619-6B74-3EC8-B518-C240C41E1060} = {08697184-4B78-3DE1-9D3D-2DA522587C12}
		{18D49D15-517E-3ADE-A5D6-E9FAE1A0A6A8} = {08697184-4B78-3DE1-9D3D-2DA522587C12}
		{B0632304-7FEE-33CD-B947-586013A66FDA} = {08697184-4B78-3DE1-9D3D-2DA522587C12}
		{6AEEB63E-533F-351A-A686-E04D9C341D3C} = {08697184-4B78-3DE1-9D3D-2DA522587C12}
		{CA379746-A939-32C1-B166-BA7FCBA3F346} = {08697184-4B78-3DE1-9D3D-2DA522587C12}
		{58C5A1A4-915E-353C-AE9A-1EA72272885E} = {08697184-4B78-3DE1-9D3D-2DA522587C12}
		{BC16CED0-AA2C-3333-A0B1-152BA66DB758} = {08697184-4B78-3DE1-9D3D-2DA522587C12}
	EndGlobalSection
	GlobalSection(ExtensibilityGlobals) = postSolution
		SolutionGuid = {60597662-D46D-3CE8-A01F-87899796ECEB}
	EndGlobalSection
	GlobalSection(ExtensibilityAddIns) = postSolution
	EndGlobalSection
EndGlobal
